
Microsoft Visual Studio Solution File, Format Version 12.00
# Visual Studio Version 17
VisualStudioVersion = 17.9.34723.18
MinimumVisualStudioVersion = 10.0.40219.1
Project("{FAE04EC0-301F-11D3-BF4B-00C04F79EFBC}") = "WinFormsApp3", "WinFormsApp3\WinFormsApp3.csproj", "{F76ED249-3E17-49A4-8175-652D43DD07C6}"
EndProject
Global
	GlobalSection(SolutionConfigurationPlatforms) = preSolution
		Debug|Any CPU = Debug|Any CPU
		Release|Any CPU = Release|Any CPU
	EndGlobalSection
	GlobalSection(ProjectConfigurationPlatforms) = postSolution
		{F76ED249-3E17-49A4-8175-652D43DD07C6}.Debug|Any CPU.ActiveCfg = Debug|Any CPU
		{F76ED249-3E17-49A4-8175-652D43DD07C6}.Debug|Any CPU.Build.0 = Debug|Any CPU
		{F76ED249-3E17-49A4-8175-652D43DD07C6}.Release|Any CPU.ActiveCfg = Release|Any CPU
		{F76ED249-3E17-49A4-8175-652D43DD07C6}.Release|Any CPU.Build.0 = Release|Any CPU
	EndGlobalSection
	GlobalSection(SolutionProperties) = preSolution
		HideSolutionNode = FALSE
	EndGlobalSection
	GlobalSection(ExtensibilityGlobals) = postSolution
		SolutionGuid = {0BAF3647-59CC-4C90-93E0-1F885B5CC2FD}
	EndGlobalSection
EndGlobal
